
Microsoft Visual Studio Solution File, Format Version 12.00
# Visual Studio Version 17
VisualStudioVersion = 17.3.32819.101
MinimumVisualStudioVersion = 10.0.40219.1
Project("{9A19103F-16F7-4668-BE54-9A1E7A4F7556}") = "Core.Domain", "Domain\Core.Domain.csproj", "{F6857D63-69A9-4DCE-91C0-6E9158A61D38}"
EndProject
Project("{9A19103F-16F7-4668-BE54-9A1E7A4F7556}") = "Core.Domain.Services", "Domain.Services\Core.Domain.Services.csproj", "{17B8E9CE-DEC4-4D56-8CFF-D0271BBF6A05}"
EndProject
Project("{9A19103F-16F7-4668-BE54-9A1E7A4F7556}") = "Infrastructure", "Infrastructure\Infrastructure.csproj", "{5482FBFC-6BAE-42C4-B29C-7BB1CD8ADEAE}"
EndProject
Project("{9A19103F-16F7-4668-BE54-9A1E7A4F7556}") = "Portal", "Portal\Portal.csproj", "{FE7836EE-6AAF-4FE0-84E4-05BA1F8B1744}"
EndProject
Project("{9A19103F-16F7-4668-BE54-9A1E7A4F7556}") = "Core.Domain.Tests", "Core.Domain.Tests\Core.Domain.Tests.csproj", "{7C1AF6DA-07B3-4A5B-8319-35FE42EAE5E7}"
EndProject
Project("{9A19103F-16F7-4668-BE54-9A1E7A4F7556}") = "Core.Domain.Services.Tests", "Core.Domain.Services.Tests\Core.Domain.Services.Tests.csproj", "{9A9010AF-C53E-4123-88DF-3A1CA36F3E0E}"
EndProject
Project("{FAE04EC0-301F-11D3-BF4B-00C04F79EFBC}") = "WebService", "WebService\WebService.csproj", "{8756E5F9-2DB7-454E-BE43-44C7453F0826}"
EndProject
Global
	GlobalSection(SolutionConfigurationPlatforms) = preSolution
		Debug|Any CPU = Debug|Any CPU
		Release|Any CPU = Release|Any CPU
	EndGlobalSection
	GlobalSection(ProjectConfigurationPlatforms) = postSolution
		{F6857D63-69A9-4DCE-91C0-6E9158A61D38}.Debug|Any CPU.ActiveCfg = Debug|Any CPU
		{F6857D63-69A9-4DCE-91C0-6E9158A61D38}.Debug|Any CPU.Build.0 = Debug|Any CPU
		{F6857D63-69A9-4DCE-91C0-6E9158A61D38}.Release|Any CPU.ActiveCfg = Release|Any CPU
		{F6857D63-69A9-4DCE-91C0-6E9158A61D38}.Release|Any CPU.Build.0 = Release|Any CPU
		{17B8E9CE-DEC4-4D56-8CFF-D0271BBF6A05}.Debug|Any CPU.ActiveCfg = Debug|Any CPU
		{17B8E9CE-DEC4-4D56-8CFF-D0271BBF6A05}.Debug|Any CPU.Build.0 = Debug|Any CPU
		{17B8E9CE-DEC4-4D56-8CFF-D0271BBF6A05}.Release|Any CPU.ActiveCfg = Release|Any CPU
		{17B8E9CE-DEC4-4D56-8CFF-D0271BBF6A05}.Release|Any CPU.Build.0 = Release|Any CPU
		{5482FBFC-6BAE-42C4-B29C-7BB1CD8ADEAE}.Debug|Any CPU.ActiveCfg = Debug|Any CPU
		{5482FBFC-6BAE-42C4-B29C-7BB1CD8ADEAE}.Debug|Any CPU.Build.0 = Debug|Any CPU
		{5482FBFC-6BAE-42C4-B29C-7BB1CD8ADEAE}.Release|Any CPU.ActiveCfg = Release|Any CPU
		{5482FBFC-6BAE-42C4-B29C-7BB1CD8ADEAE}.Release|Any CPU.Build.0 = Release|Any CPU
		{FE7836EE-6AAF-4FE0-84E4-05BA1F8B1744}.Debug|Any CPU.ActiveCfg = Debug|Any CPU
		{FE7836EE-6AAF-4FE0-84E4-05BA1F8B1744}.Debug|Any CPU.Build.0 = Debug|Any CPU
		{FE7836EE-6AAF-4FE0-84E4-05BA1F8B1744}.Release|Any CPU.ActiveCfg = Release|Any CPU
		{FE7836EE-6AAF-4FE0-84E4-05BA1F8B1744}.Release|Any CPU.Build.0 = Release|Any CPU
		{7C1AF6DA-07B3-4A5B-8319-35FE42EAE5E7}.Debug|Any CPU.ActiveCfg = Debug|Any CPU
		{7C1AF6DA-07B3-4A5B-8319-35FE42EAE5E7}.Debug|Any CPU.Build.0 = Debug|Any CPU
		{7C1AF6DA-07B3-4A5B-8319-35FE42EAE5E7}.Release|Any CPU.ActiveCfg = Release|Any CPU
		{7C1AF6DA-07B3-4A5B-8319-35FE42EAE5E7}.Release|Any CPU.Build.0 = Release|Any CPU
		{9A9010AF-C53E-4123-88DF-3A1CA36F3E0E}.Debug|Any CPU.ActiveCfg = Debug|Any CPU
		{9A9010AF-C53E-4123-88DF-3A1CA36F3E0E}.Debug|Any CPU.Build.0 = Debug|Any CPU
		{9A9010AF-C53E-4123-88DF-3A1CA36F3E0E}.Release|Any CPU.ActiveCfg = Release|Any CPU
		{9A9010AF-C53E-4123-88DF-3A1CA36F3E0E}.Release|Any CPU.Build.0 = Release|Any CPU
		{8756E5F9-2DB7-454E-BE43-44C7453F0826}.Debug|Any CPU.ActiveCfg = Debug|Any CPU
		{8756E5F9-2DB7-454E-BE43-44C7453F0826}.Debug|Any CPU.Build.0 = Debug|Any CPU
		{8756E5F9-2DB7-454E-BE43-44C7453F0826}.Release|Any CPU.ActiveCfg = Release|Any CPU
		{8756E5F9-2DB7-454E-BE43-44C7453F0826}.Release|Any CPU.Build.0 = Release|Any CPU
	EndGlobalSection
	GlobalSection(SolutionProperties) = preSolution
		HideSolutionNode = FALSE
	EndGlobalSection
	GlobalSection(ExtensibilityGlobals) = postSolution
		SolutionGuid = {B678888D-1CA3-4466-8D9E-E3AAFE6EA77E}
	EndGlobalSection
EndGlobal
